
Microsoft Visual Studio Solution File, Format Version 12.00
# Visual Studio Version 17
VisualStudioVersion = 17.11.35222.181
MinimumVisualStudioVersion = 10.0.40219.1
Project("{FAE04EC0-301F-11D3-BF4B-00C04F79EFBC}") = "viscatest", "viscatest\viscatest.csproj", "{EE02AE78-AFBB-47EA-B2B3-EF5F948B820F}"
EndProject
Project("{2150E333-8FDC-42A3-9474-1A3956D46DE8}") = "Solution Items", "Solution Items", "{99EF2CE8-98E0-4AE8-8BB4-2A5E2BF77900}"
	ProjectSection(SolutionItems) = preProject
		README.md = README.md
	EndProjectSection
EndProject
Global
	GlobalSection(SolutionConfigurationPlatforms) = preSolution
		Debug|Any CPU = Debug|Any CPU
		Release|Any CPU = Release|Any CPU
	EndGlobalSection
	GlobalSection(ProjectConfigurationPlatforms) = postSolution
		{EE02AE78-AFBB-47EA-B2B3-EF5F948B820F}.Debug|Any CPU.ActiveCfg = Debug|Any CPU
		{EE02AE78-AFBB-47EA-B2B3-EF5F948B820F}.Debug|Any CPU.Build.0 = Debug|Any CPU
		{EE02AE78-AFBB-47EA-B2B3-EF5F948B820F}.Release|Any CPU.ActiveCfg = Release|Any CPU
		{EE02AE78-AFBB-47EA-B2B3-EF5F948B820F}.Release|Any CPU.Build.0 = Release|Any CPU
	EndGlobalSection
	GlobalSection(SolutionProperties) = preSolution
		HideSolutionNode = FALSE
	EndGlobalSection
	GlobalSection(ExtensibilityGlobals) = postSolution
		SolutionGuid = {7A10E857-CEDE-4295-B7BD-6541FB4BA751}
	EndGlobalSection
EndGlobal
